
Microsoft Visual Studio Solution File, Format Version 12.00
# Visual Studio 15
VisualStudioVersion = 15.0.27130.2036
MinimumVisualStudioVersion = 10.0.40219.1
Project("{FAE04EC0-301F-11D3-BF4B-00C04F79EFBC}") = "Laitkor_Task", "Laitkor_Task\Laitkor_Task.csproj", "{1857D5E8-1D60-4130-8B6A-CB14A6D280B6}"
EndProject
Project("{FAE04EC0-301F-11D3-BF4B-00C04F79EFBC}") = "UserTesting", "UserTesting\UserTesting.csproj", "{2629581F-5A53-483D-968E-82B2D78312F6}"
EndProject
Global
	GlobalSection(SolutionConfigurationPlatforms) = preSolution
		Debug|Any CPU = Debug|Any CPU
		Release|Any CPU = Release|Any CPU
	EndGlobalSection
	GlobalSection(ProjectConfigurationPlatforms) = postSolution
		{1857D5E8-1D60-4130-8B6A-CB14A6D280B6}.Debug|Any CPU.ActiveCfg = Debug|Any CPU
		{1857D5E8-1D60-4130-8B6A-CB14A6D280B6}.Debug|Any CPU.Build.0 = Debug|Any CPU
		{1857D5E8-1D60-4130-8B6A-CB14A6D280B6}.Release|Any CPU.ActiveCfg = Release|Any CPU
		{1857D5E8-1D60-4130-8B6A-CB14A6D280B6}.Release|Any CPU.Build.0 = Release|Any CPU
		{2629581F-5A53-483D-968E-82B2D78312F6}.Debug|Any CPU.ActiveCfg = Debug|Any CPU
		{2629581F-5A53-483D-968E-82B2D78312F6}.Debug|Any CPU.Build.0 = Debug|Any CPU
		{2629581F-5A53-483D-968E-82B2D78312F6}.Release|Any CPU.ActiveCfg = Release|Any CPU
		{2629581F-5A53-483D-968E-82B2D78312F6}.Release|Any CPU.Build.0 = Release|Any CPU
	EndGlobalSection
	GlobalSection(SolutionProperties) = preSolution
		HideSolutionNode = FALSE
	EndGlobalSection
	GlobalSection(ExtensibilityGlobals) = postSolution
		SolutionGuid = {80AA1021-33C7-44FC-8AEA-FFE4C270C8B0}
	EndGlobalSection
EndGlobal
